
Microsoft Visual Studio Solution File, Format Version 12.00
# Visual Studio Version 16
VisualStudioVersion = 16.0.29709.97
MinimumVisualStudioVersion = 10.0.40219.1
Project("{FAE04EC0-301F-11D3-BF4B-00C04F79EFBC}") = "TestingApplications", "TestingApplications\TestingApplications.csproj", "{9AE56537-936D-4757-B4A3-D78FB4B5F704}"
EndProject
Project("{FAE04EC0-301F-11D3-BF4B-00C04F79EFBC}") = "TestingApplications.Tests", "TestingApplications.Tests\TestingApplications.Tests.csproj", "{78BDC914-6435-46EE-B43B-700029262695}"
EndProject
Global
	GlobalSection(SolutionConfigurationPlatforms) = preSolution
		Debug|Any CPU = Debug|Any CPU
		Release|Any CPU = Release|Any CPU
	EndGlobalSection
	GlobalSection(ProjectConfigurationPlatforms) = postSolution
		{9AE56537-936D-4757-B4A3-D78FB4B5F704}.Debug|Any CPU.ActiveCfg = Debug|Any CPU
		{9AE56537-936D-4757-B4A3-D78FB4B5F704}.Debug|Any CPU.Build.0 = Debug|Any CPU
		{9AE56537-936D-4757-B4A3-D78FB4B5F704}.Release|Any CPU.ActiveCfg = Release|Any CPU
		{9AE56537-936D-4757-B4A3-D78FB4B5F704}.Release|Any CPU.Build.0 = Release|Any CPU
		{78BDC914-6435-46EE-B43B-700029262695}.Debug|Any CPU.ActiveCfg = Debug|Any CPU
		{78BDC914-6435-46EE-B43B-700029262695}.Debug|Any CPU.Build.0 = Debug|Any CPU
		{78BDC914-6435-46EE-B43B-700029262695}.Release|Any CPU.ActiveCfg = Release|Any CPU
		{78BDC914-6435-46EE-B43B-700029262695}.Release|Any CPU.Build.0 = Release|Any CPU
	EndGlobalSection
	GlobalSection(SolutionProperties) = preSolution
		HideSolutionNode = FALSE
	EndGlobalSection
	GlobalSection(ExtensibilityGlobals) = postSolution
		SolutionGuid = {9F1FCB75-1EFE-4031-8560-9FAE9A7A201F}
	EndGlobalSection
EndGlobal
